
Microsoft Visual Studio Solution File, Format Version 12.00
# Visual Studio Version 16
VisualStudioVersion = 16.0.30413.136
MinimumVisualStudioVersion = 10.0.40219.1
Project("{FAE04EC0-301F-11D3-BF4B-00C04F79EFBC}") = "1714cluken2f", "1714cluken2f\1714cluken2f.csproj", "{1C7DC1E8-BC29-48E4-83D7-629776218367}"
EndProject
Project("{2150E333-8FDC-42A3-9474-1A3956D46DE8}") = "Solution Items", "Solution Items", "{56F5F580-CEB4-4E0E-ADF7-00446C41E897}"
	ProjectSection(SolutionItems) = preProject
		.gitattributes = .gitattributes
		.gitignore = .gitignore
	EndProjectSection
EndProject
Project("{FAE04EC0-301F-11D3-BF4B-00C04F79EFBC}") = "1714cluken2g", "1714cluken2g\1714cluken2g.csproj", "{78C55FB4-425B-48AE-A445-76C45BAE98FC}"
EndProject
Project("{00D1A9C2-B5F0-4AF3-8072-F6C62B433612}") = "1714ex2g", "1714ex2g\1714ex2g.sqlproj", "{2316DD26-3929-4412-AAFE-C0BBA363EA18}"
EndProject
Project("{FAE04EC0-301F-11D3-BF4B-00C04F79EFBC}") = "1714cluken2h", "1714cluken2h\1714cluken2h.csproj", "{8EF38D8A-2D41-44B2-8B3A-5F6DAE0EB079}"
EndProject
Project("{FAE04EC0-301F-11D3-BF4B-00C04F79EFBC}") = "1714cluken3a1", "1714cluken3a1\1714cluken3a1.csproj", "{085A2D72-C677-402E-9729-9AD0D18A4A3B}"
EndProject
Project("{FAE04EC0-301F-11D3-BF4B-00C04F79EFBC}") = "1714cluken3b1", "1714cluken3b1\1714cluken3b1.csproj", "{ADDE7079-DBAB-49A8-B7D5-D520A6697A70}"
EndProject
Project("{FAE04EC0-301F-11D3-BF4B-00C04F79EFBC}") = "1714cluken3b2", "1714cluken3b2\1714cluken3b2.csproj", "{FE402AEE-6337-482C-901C-82595A427306}"
EndProject
Global
	GlobalSection(SolutionConfigurationPlatforms) = preSolution
		Debug|Any CPU = Debug|Any CPU
		Release|Any CPU = Release|Any CPU
	EndGlobalSection
	GlobalSection(ProjectConfigurationPlatforms) = postSolution
		{1C7DC1E8-BC29-48E4-83D7-629776218367}.Debug|Any CPU.ActiveCfg = Debug|Any CPU
		{1C7DC1E8-BC29-48E4-83D7-629776218367}.Debug|Any CPU.Build.0 = Debug|Any CPU
		{1C7DC1E8-BC29-48E4-83D7-629776218367}.Release|Any CPU.ActiveCfg = Release|Any CPU
		{1C7DC1E8-BC29-48E4-83D7-629776218367}.Release|Any CPU.Build.0 = Release|Any CPU
		{78C55FB4-425B-48AE-A445-76C45BAE98FC}.Debug|Any CPU.ActiveCfg = Debug|Any CPU
		{78C55FB4-425B-48AE-A445-76C45BAE98FC}.Debug|Any CPU.Build.0 = Debug|Any CPU
		{78C55FB4-425B-48AE-A445-76C45BAE98FC}.Release|Any CPU.ActiveCfg = Release|Any CPU
		{78C55FB4-425B-48AE-A445-76C45BAE98FC}.Release|Any CPU.Build.0 = Release|Any CPU
		{2316DD26-3929-4412-AAFE-C0BBA363EA18}.Debug|Any CPU.ActiveCfg = Debug|Any CPU
		{2316DD26-3929-4412-AAFE-C0BBA363EA18}.Debug|Any CPU.Build.0 = Debug|Any CPU
		{2316DD26-3929-4412-AAFE-C0BBA363EA18}.Debug|Any CPU.Deploy.0 = Debug|Any CPU
		{2316DD26-3929-4412-AAFE-C0BBA363EA18}.Release|Any CPU.ActiveCfg = Release|Any CPU
		{2316DD26-3929-4412-AAFE-C0BBA363EA18}.Release|Any CPU.Build.0 = Release|Any CPU
		{2316DD26-3929-4412-AAFE-C0BBA363EA18}.Release|Any CPU.Deploy.0 = Release|Any CPU
		{8EF38D8A-2D41-44B2-8B3A-5F6DAE0EB079}.Debug|Any CPU.ActiveCfg = Debug|Any CPU
		{8EF38D8A-2D41-44B2-8B3A-5F6DAE0EB079}.Debug|Any CPU.Build.0 = Debug|Any CPU
		{8EF38D8A-2D41-44B2-8B3A-5F6DAE0EB079}.Release|Any CPU.ActiveCfg = Release|Any CPU
		{8EF38D8A-2D41-44B2-8B3A-5F6DAE0EB079}.Release|Any CPU.Build.0 = Release|Any CPU
		{085A2D72-C677-402E-9729-9AD0D18A4A3B}.Debug|Any CPU.ActiveCfg = Debug|Any CPU
		{085A2D72-C677-402E-9729-9AD0D18A4A3B}.Debug|Any CPU.Build.0 = Debug|Any CPU
		{085A2D72-C677-402E-9729-9AD0D18A4A3B}.Release|Any CPU.ActiveCfg = Release|Any CPU
		{085A2D72-C677-402E-9729-9AD0D18A4A3B}.Release|Any CPU.Build.0 = Release|Any CPU
		{ADDE7079-DBAB-49A8-B7D5-D520A6697A70}.Debug|Any CPU.ActiveCfg = Debug|Any CPU
		{ADDE7079-DBAB-49A8-B7D5-D520A6697A70}.Debug|Any CPU.Build.0 = Debug|Any CPU
		{ADDE7079-DBAB-49A8-B7D5-D520A6697A70}.Release|Any CPU.ActiveCfg = Release|Any CPU
		{ADDE7079-DBAB-49A8-B7D5-D520A6697A70}.Release|Any CPU.Build.0 = Release|Any CPU
		{FE402AEE-6337-482C-901C-82595A427306}.Debug|Any CPU.ActiveCfg = Debug|Any CPU
		{FE402AEE-6337-482C-901C-82595A427306}.Debug|Any CPU.Build.0 = Debug|Any CPU
		{FE402AEE-6337-482C-901C-82595A427306}.Release|Any CPU.ActiveCfg = Release|Any CPU
		{FE402AEE-6337-482C-901C-82595A427306}.Release|Any CPU.Build.0 = Release|Any CPU
	EndGlobalSection
	GlobalSection(SolutionProperties) = preSolution
		HideSolutionNode = FALSE
	EndGlobalSection
	GlobalSection(ExtensibilityGlobals) = postSolution
		SolutionGuid = {7F853F80-E7E6-41EB-8A23-B49923D62843}
	EndGlobalSection
EndGlobal
